{
  "name": "tslint-config-klg",
  "version": "1.0.4",
  "lockfileVersion": 1,
  "requires": true,
  "dependencies": {
    "doctrine": {
      "version": "0.7.2",
      "resolved": "http://registry.npm.taobao.org/doctrine/download/doctrine-0.7.2.tgz",
      "integrity": "sha1-fLhgNZujvpDgQLJrcpzkv6ZUxSM=",
      "requires": {
        "esutils": "1.1.6",
        "isarray": "0.0.1"
      }
    },
    "esutils": {
      "version": "1.1.6",
      "resolved": "http://registry.npm.taobao.org/esutils/download/esutils-1.1.6.tgz",
      "integrity": "sha1-wBzKqa5LiXxtDD4hCuUvPHqEQ3U="
    },
    "isarray": {
      "version": "0.0.1",
      "resolved": "http://registry.npm.taobao.org/isarray/download/isarray-0.0.1.tgz",
      "integrity": "sha1-ihis/Kmo9Bd+Cav8YDiTmwXR7t8="
    },
    "tslib": {
      "version": "1.9.0",
      "resolved": "http://registry.npm.taobao.org/tslib/download/tslib-1.9.0.tgz",
      "integrity": "sha1-43qG/ajLuvI6BX9HPJ9Nxk5fwug="
    },
    "tslint-config-standard": {
      "version": "7.0.0",
      "resolved": "http://registry.npm.taobao.org/tslint-config-standard/download/tslint-config-standard-7.0.0.tgz",
      "integrity": "sha1-R7vyVXjtIhJFb4ktUeGr6ISinxU=",
      "requires": {
        "tslint-eslint-rules": "4.1.1"
      }
    },
    "tslint-eslint-rules": {
      "version": "4.1.1",
      "resolved": "http://registry.npm.taobao.org/tslint-eslint-rules/download/tslint-eslint-rules-4.1.1.tgz",
      "integrity": "sha1-fDDniC8mvCdr/5HSOEl1xp2viLo=",
      "requires": {
        "doctrine": "0.7.2",
        "tslib": "1.9.0",
        "tsutils": "1.9.1"
      }
    },
    "tsutils": {
      "version": "1.9.1",
      "resolved": "http://registry.npm.taobao.org/tsutils/download/tsutils-1.9.1.tgz",
      "integrity": "sha1-ufmrROVa+WgYMdXyjQrur1x1DLA="
    }
  }
}
